
Microsoft Visual Studio Solution File, Format Version 12.00
# Visual Studio Version 17
VisualStudioVersion = 17.7.34024.191
MinimumVisualStudioVersion = 10.0.40219.1
Project("{FAE04EC0-301F-11D3-BF4B-00C04F79EFBC}") = "WinFormsBlazor", "WinFormsBlazor\WinFormsBlazor.csproj", "{4A6D0018-B94F-469C-BD26-2C1F794CD746}"
EndProject
Global
	GlobalSection(SolutionConfigurationPlatforms) = preSolution
		Debug|Any CPU = Debug|Any CPU
		Release|Any CPU = Release|Any CPU
	EndGlobalSection
	GlobalSection(ProjectConfigurationPlatforms) = postSolution
		{4A6D0018-B94F-469C-BD26-2C1F794CD746}.Debug|Any CPU.ActiveCfg = Debug|Any CPU
		{4A6D0018-B94F-469C-BD26-2C1F794CD746}.Debug|Any CPU.Build.0 = Debug|Any CPU
		{4A6D0018-B94F-469C-BD26-2C1F794CD746}.Release|Any CPU.ActiveCfg = Release|Any CPU
		{4A6D0018-B94F-469C-BD26-2C1F794CD746}.Release|Any CPU.Build.0 = Release|Any CPU
	EndGlobalSection
	GlobalSection(SolutionProperties) = preSolution
		HideSolutionNode = FALSE
	EndGlobalSection
	GlobalSection(ExtensibilityGlobals) = postSolution
		SolutionGuid = {C4D11906-4494-44D4-A05C-4747EB18CEF1}
	EndGlobalSection
EndGlobal
